// !$*UTF8*$!
{
	archiveVersion = 1;
	classes = {
	};
	objectVersion = 77;
	objects = {

/* Begin PBXBuildFile section */
		693636172F46D81A004ED905 /* SplashView.swift in Sources */ = {isa = PBXBuildFile; fileRef = 693636162F46D81A004ED905 /* SplashView.swift */; };
		693636192F46D834004ED905 /* OnboardingView.swift in Sources */ = {isa = PBXBuildFile; fileRef = 693636182F46D834004ED905 /* OnboardingView.swift */; };
		6936361B2F46D84D004ED905 /* LoginView.swift in Sources */ = {isa = PBXBuildFile; fileRef = 6936361A2F46D84D004ED905 /* LoginView.swift */; };
		6936361D2F46D85B004ED905 /* SignupView.swift in Sources */ = {isa = PBXBuildFile; fileRef = 6936361C2F46D85B004ED905 /* SignupView.swift */; };
		6936361F2F46D870004ED905 /* HomeView.swift in Sources */ = {isa = PBXBuildFile; fileRef = 6936361E2F46D870004ED905 /* HomeView.swift */; };
		693636212F46D880004ED905 /* DestinationSearchView.swift in Sources */ = {isa = PBXBuildFile; fileRef = 693636202F46D880004ED905 /* DestinationSearchView.swift */; };
		693636232F46D898004ED905 /* PreferencesView.swift in Sources */ = {isa = PBXBuildFile; fileRef = 693636222F46D898004ED905 /* PreferencesView.swift */; };
		693636252F46D8AD004ED905 /* ItineraryView.swift in Sources */ = {isa = PBXBuildFile; fileRef = 693636242F46D8AD004ED905 /* ItineraryView.swift */; };
		693636272F46D8C0004ED905 /* MapView.swift in Sources */ = {isa = PBXBuildFile; fileRef = 693636262F46D8C0004ED905 /* MapView.swift */; };
		693636292F46D8CF004ED905 /* SavedTripsView.swift in Sources */ = {isa = PBXBuildFile; fileRef = 693636282F46D8CF004ED905 /* SavedTripsView.swift */; };
		6936362B2F46D8DF004ED905 /* ProfileView.swift in Sources */ = {isa = PBXBuildFile; fileRef = 6936362A2F46D8DF004ED905 /* ProfileView.swift */; };
		6936362D2F46E3B1004ED905 /* Trip.swift in Sources */ = {isa = PBXBuildFile; fileRef = 6936362C2F46E3B1004ED905 /* Trip.swift */; };
		693636312F46E6D2004ED905 /* TripService.swift in Sources */ = {isa = PBXBuildFile; fileRef = 693636302F46E6D2004ED905 /* TripService.swift */; };
		693636332F46E874004ED905 /* PreferencesViewModel.swift in Sources */ = {isa = PBXBuildFile; fileRef = 693636322F46E874004ED905 /* PreferencesViewModel.swift */; };
		693636352F46EAD1004ED905 /* NetworkManager.swift in Sources */ = {isa = PBXBuildFile; fileRef = 693636342F46EAD1004ED905 /* NetworkManager.swift */; };
		693636382F46ECFF004ED905 /* ItineraryModels.swift in Sources */ = {isa = PBXBuildFile; fileRef = 693636372F46ECFF004ED905 /* ItineraryModels.swift */; };
		6936363B2F46EFE4004ED905 /* AppRoute.swift in Sources */ = {isa = PBXBuildFile; fileRef = 6936363A2F46EFE4004ED905 /* AppRoute.swift */; };
		693DEADC2F480CB700735C2B /* TripRequest.swift in Sources */ = {isa = PBXBuildFile; fileRef = 693DEADB2F480CB700735C2B /* TripRequest.swift */; };
		693DEADE2F48118C00735C2B /* NetworkError.swift in Sources */ = {isa = PBXBuildFile; fileRef = 693DEADD2F48118C00735C2B /* NetworkError.swift */; };
/* End PBXBuildFile section */

/* Begin PBXContainerItemProxy section */
		6911A7C42F459AD40051D980 /* PBXContainerItemProxy */ = {
			isa = PBXContainerItemProxy;
			containerPortal = 6911A7A92F459AD30051D980 /* Project object */;
			proxyType = 1;
			remoteGlobalIDString = 6911A7B02F459AD30051D980;
			remoteInfo = Tripzync;
		};
		6911A7CE2F459AD40051D980 /* PBXContainerItemProxy */ = {
			isa = PBXContainerItemProxy;
			containerPortal = 6911A7A92F459AD30051D980 /* Project object */;
			proxyType = 1;
			remoteGlobalIDString = 6911A7B02F459AD30051D980;
			remoteInfo = Tripzync;
		};
/* End PBXContainerItemProxy section */

/* Begin PBXFileReference section */
		6911A7B12F459AD30051D980 /* Tripzync.app */ = {isa = PBXFileReference; explicitFileType = wrapper.application; includeInIndex = 0; path = Tripzync.app; sourceTree = BUILT_PRODUCTS_DIR; };
		6911A7C32F459AD40051D980 /* TripzyncTests.xctest */ = {isa = PBXFileReference; explicitFileType = wrapper.cfbundle; includeInIndex = 0; path = TripzyncTests.xctest; sourceTree = BUILT_PRODUCTS_DIR; };
		6911A7CD2F459AD40051D980 /* TripzyncUITests.xctest */ = {isa = PBXFileReference; explicitFileType = wrapper.cfbundle; includeInIndex = 0; path = TripzyncUITests.xctest; sourceTree = BUILT_PRODUCTS_DIR; };
		693636162F46D81A004ED905 /* SplashView.swift */ = {isa = PBXFileReference; lastKnownFileType = sourcecode.swift; path = SplashView.swift; sourceTree = "<group>"; };
		693636182F46D834004ED905 /* OnboardingView.swift */ = {isa = PBXFileReference; lastKnownFileType = sourcecode.swift; path = OnboardingView.swift; sourceTree = "<group>"; };
		6936361A2F46D84D004ED905 /* LoginView.swift */ = {isa = PBXFileReference; lastKnownFileType = sourcecode.swift; path = LoginView.swift; sourceTree = "<group>"; };
		6936361C2F46D85B004ED905 /* SignupView.swift */ = {isa = PBXFileReference; lastKnownFileType = sourcecode.swift; path = SignupView.swift; sourceTree = "<group>"; };
		6936361E2F46D870004ED905 /* HomeView.swift */ = {isa = PBXFileReference; lastKnownFileType = sourcecode.swift; path = HomeView.swift; sourceTree = "<group>"; };
		693636202F46D880004ED905 /* DestinationSearchView.swift */ = {isa = PBXFileReference; lastKnownFileType = sourcecode.swift; path = DestinationSearchView.swift; sourceTree = "<group>"; };
		693636222F46D898004ED905 /* PreferencesView.swift */ = {isa = PBXFileReference; lastKnownFileType = sourcecode.swift; path = PreferencesView.swift; sourceTree = "<group>"; };
		693636242F46D8AD004ED905 /* ItineraryView.swift */ = {isa = PBXFileReference; lastKnownFileType = sourcecode.swift; path = ItineraryView.swift; sourceTree = "<group>"; };
		693636262F46D8C0004ED905 /* MapView.swift */ = {isa = PBXFileReference; lastKnownFileType = sourcecode.swift; path = MapView.swift; sourceTree = "<group>"; };
		693636282F46D8CF004ED905 /* SavedTripsView.swift */ = {isa = PBXFileReference; lastKnownFileType = sourcecode.swift; path = SavedTripsView.swift; sourceTree = "<group>"; };
		6936362A2F46D8DF004ED905 /* ProfileView.swift */ = {isa = PBXFileReference; lastKnownFileType = sourcecode.swift; path = ProfileView.swift; sourceTree = "<group>"; };
		6936362C2F46E3B1004ED905 /* Trip.swift */ = {isa = PBXFileReference; lastKnownFileType = sourcecode.swift; path = Trip.swift; sourceTree = "<group>"; };
		693636302F46E6D2004ED905 /* TripService.swift */ = {isa = PBXFileReference; lastKnownFileType = sourcecode.swift; path = TripService.swift; sourceTree = "<group>"; };
		693636322F46E874004ED905 /* PreferencesViewModel.swift */ = {isa = PBXFileReference; lastKnownFileType = sourcecode.swift; path = PreferencesViewModel.swift; sourceTree = "<group>"; };
		693636342F46EAD1004ED905 /* NetworkManager.swift */ = {isa = PBXFileReference; lastKnownFileType = sourcecode.swift; path = NetworkManager.swift; sourceTree = "<group>"; };
		693636372F46ECFF004ED905 /* ItineraryModels.swift */ = {isa = PBXFileReference; lastKnownFileType = sourcecode.swift; path = ItineraryModels.swift; sourceTree = "<group>"; };
		6936363A2F46EFE4004ED905 /* AppRoute.swift */ = {isa = PBXFileReference; lastKnownFileType = sourcecode.swift; path = AppRoute.swift; sourceTree = "<group>"; };
		693DEADB2F480CB700735C2B /* TripRequest.swift */ = {isa = PBXFileReference; lastKnownFileType = sourcecode.swift; path = TripRequest.swift; sourceTree = "<group>"; };
		693DEADD2F48118C00735C2B /* NetworkError.swift */ = {isa = PBXFileReference; lastKnownFileType = sourcecode.swift; path = NetworkError.swift; sourceTree = "<group>"; };
/* End PBXFileReference section */

/* Begin PBXFileSystemSynchronizedBuildFileExceptionSet section */
		693636392F46EE86004ED905 /* Exceptions for "Tripzync" folder in "Tripzync" target */ = {
			isa = PBXFileSystemSynchronizedBuildFileExceptionSet;
			membershipExceptions = (
				ContentView.swift,
			);
			target = 6911A7B02F459AD30051D980 /* Tripzync */;
		};
/* End PBXFileSystemSynchronizedBuildFileExceptionSet section */

/* Begin PBXFileSystemSynchronizedRootGroup section */
		6911A7B32F459AD30051D980 /* Tripzync */ = {
			isa = PBXFileSystemSynchronizedRootGroup;
			exceptions = (
				693636392F46EE86004ED905 /* Exceptions for "Tripzync" folder in "Tripzync" target */,
			);
			path = Tripzync;
			sourceTree = "<group>";
		};
		6911A7C62F459AD40051D980 /* TripzyncTests */ = {
			isa = PBXFileSystemSynchronizedRootGroup;
			path = TripzyncTests;
			sourceTree = "<group>";
		};
		6911A7D02F459AD40051D980 /* TripzyncUITests */ = {
			isa = PBXFileSystemSynchronizedRootGroup;
			path = TripzyncUITests;
			sourceTree = "<group>";
		};
/* End PBXFileSystemSynchronizedRootGroup section */

/* Begin PBXFrameworksBuildPhase section */
		6911A7AE2F459AD30051D980 /* Frameworks */ = {
			isa = PBXFrameworksBuildPhase;
			buildActionMask = 2147483647;
			files = (
			);
			runOnlyForDeploymentPostprocessing = 0;
		};
		6911A7C02F459AD40051D980 /* Frameworks */ = {
			isa = PBXFrameworksBuildPhase;
			buildActionMask = 2147483647;
			files = (
			);
			runOnlyForDeploymentPostprocessing = 0;
		};
		6911A7CA2F459AD40051D980 /* Frameworks */ = {
			isa = PBXFrameworksBuildPhase;
			buildActionMask = 2147483647;
			files = (
			);
			runOnlyForDeploymentPostprocessing = 0;
		};
/* End PBXFrameworksBuildPhase section */

/* Begin PBXGroup section */
		6911A7A82F459AD30051D980 = {
			isa = PBXGroup;
			children = (
				693636362F46EC67004ED905 /* Models */,
				6911A7E42F459CD80051D980 /* Resources */,
				6911A7E32F459CCC0051D980 /* Services */,
				6911A7E22F459CB40051D980 /* Modules */,
				6911A7E12F459CAB0051D980 /* Core */,
				6911A7E02F459C9B0051D980 /* App */,
				6911A7B32F459AD30051D980 /* Tripzync */,
				6911A7C62F459AD40051D980 /* TripzyncTests */,
				6911A7D02F459AD40051D980 /* TripzyncUITests */,
				6911A7B22F459AD30051D980 /* Products */,
			);
			sourceTree = "<group>";
		};
		6911A7B22F459AD30051D980 /* Products */ = {
			isa = PBXGroup;
			children = (
				6911A7B12F459AD30051D980 /* Tripzync.app */,
				6911A7C32F459AD40051D980 /* TripzyncTests.xctest */,
				6911A7CD2F459AD40051D980 /* TripzyncUITests.xctest */,
			);
			name = Products;
			sourceTree = "<group>";
		};
		6911A7E02F459C9B0051D980 /* App */ = {
			isa = PBXGroup;
			children = (
			);
			path = App;
			sourceTree = "<group>";
		};
		6911A7E12F459CAB0051D980 /* Core */ = {
			isa = PBXGroup;
			children = (
				693636322F46E874004ED905 /* PreferencesViewModel.swift */,
				693636342F46EAD1004ED905 /* NetworkManager.swift */,
				6936363A2F46EFE4004ED905 /* AppRoute.swift */,
				693DEADD2F48118C00735C2B /* NetworkError.swift */,
			);
			path = Core;
			sourceTree = "<group>";
		};
		6911A7E22F459CB40051D980 /* Modules */ = {
			isa = PBXGroup;
			children = (
				6911A7ED2F459DF70051D980 /* Profile */,
				6911A7EC2F459DED0051D980 /* SavedTrips */,
				6911A7EB2F459DDE0051D980 /* Map */,
				6911A7EA2F459DCF0051D980 /* Itinerary */,
				6911A7E92F459DC30051D980 /* Preferences */,
				6911A7E82F459DB80051D980 /* Destination */,
				6911A7E72F459DA60051D980 /* Home */,
				6911A7E62F459D960051D980 /* Authentication */,
				6911A7E52F459D800051D980 /* Onboarding */,
			);
			path = Modules;
			sourceTree = "<group>";
		};
		6911A7E32F459CCC0051D980 /* Services */ = {
			isa = PBXGroup;
			children = (
				693636302F46E6D2004ED905 /* TripService.swift */,
			);
			path = Services;
			sourceTree = "<group>";
		};
		6911A7E42F459CD80051D980 /* Resources */ = {
			isa = PBXGroup;
			children = (
			);
			path = Resources;
			sourceTree = "<group>";
		};
		6911A7E52F459D800051D980 /* Onboarding */ = {
			isa = PBXGroup;
			children = (
				693636162F46D81A004ED905 /* SplashView.swift */,
				693636182F46D834004ED905 /* OnboardingView.swift */,
			);
			path = Onboarding;
			sourceTree = "<group>";
		};
		6911A7E62F459D960051D980 /* Authentication */ = {
			isa = PBXGroup;
			children = (
				6936361A2F46D84D004ED905 /* LoginView.swift */,
				6936361C2F46D85B004ED905 /* SignupView.swift */,
			);
			path = Authentication;
			sourceTree = "<group>";
		};
		6911A7E72F459DA60051D980 /* Home */ = {
			isa = PBXGroup;
			children = (
				6936361E2F46D870004ED905 /* HomeView.swift */,
			);
			path = Home;
			sourceTree = "<group>";
		};
		6911A7E82F459DB80051D980 /* Destination */ = {
			isa = PBXGroup;
			children = (
				693636202F46D880004ED905 /* DestinationSearchView.swift */,
			);
			path = Destination;
			sourceTree = "<group>";
		};
		6911A7E92F459DC30051D980 /* Preferences */ = {
			isa = PBXGroup;
			children = (
				693636222F46D898004ED905 /* PreferencesView.swift */,
			);
			path = Preferences;
			sourceTree = "<group>";
		};
		6911A7EA2F459DCF0051D980 /* Itinerary */ = {
			isa = PBXGroup;
			children = (
				693636242F46D8AD004ED905 /* ItineraryView.swift */,
			);
			path = Itinerary;
			sourceTree = "<group>";
		};
		6911A7EB2F459DDE0051D980 /* Map */ = {
			isa = PBXGroup;
			children = (
				693636262F46D8C0004ED905 /* MapView.swift */,
			);
			path = Map;
			sourceTree = "<group>";
		};
		6911A7EC2F459DED0051D980 /* SavedTrips */ = {
			isa = PBXGroup;
			children = (
				693636282F46D8CF004ED905 /* SavedTripsView.swift */,
			);
			path = SavedTrips;
			sourceTree = "<group>";
		};
		6911A7ED2F459DF70051D980 /* Profile */ = {
			isa = PBXGroup;
			children = (
				6936362A2F46D8DF004ED905 /* ProfileView.swift */,
			);
			path = Profile;
			sourceTree = "<group>";
		};
		693636362F46EC67004ED905 /* Models */ = {
			isa = PBXGroup;
			children = (
				6936362C2F46E3B1004ED905 /* Trip.swift */,
				693DEADB2F480CB700735C2B /* TripRequest.swift */,
				693636372F46ECFF004ED905 /* ItineraryModels.swift */,
			);
			path = Models;
			sourceTree = "<group>";
		};
/* End PBXGroup section */

/* Begin PBXNativeTarget section */
		6911A7B02F459AD30051D980 /* Tripzync */ = {
			isa = PBXNativeTarget;
			buildConfigurationList = 6911A7D72F459AD40051D980 /* Build configuration list for PBXNativeTarget "Tripzync" */;
			buildPhases = (
				6911A7AD2F459AD30051D980 /* Sources */,
				6911A7AE2F459AD30051D980 /* Frameworks */,
				6911A7AF2F459AD30051D980 /* Resources */,
			);
			buildRules = (
			);
			dependencies = (
			);
			fileSystemSynchronizedGroups = (
				6911A7B32F459AD30051D980 /* Tripzync */,
			);
			name = Tripzync;
			packageProductDependencies = (
			);
			productName = Tripzync;
			productReference = 6911A7B12F459AD30051D980 /* Tripzync.app */;
			productType = "com.apple.product-type.application";
		};
		6911A7C22F459AD40051D980 /* TripzyncTests */ = {
			isa = PBXNativeTarget;
			buildConfigurationList = 6911A7DA2F459AD40051D980 /* Build configuration list for PBXNativeTarget "TripzyncTests" */;
			buildPhases = (
				6911A7BF2F459AD40051D980 /* Sources */,
				6911A7C02F459AD40051D980 /* Frameworks */,
				6911A7C12F459AD40051D980 /* Resources */,
			);
			buildRules = (
			);
			dependencies = (
				6911A7C52F459AD40051D980 /* PBXTargetDependency */,
			);
			fileSystemSynchronizedGroups = (
				6911A7C62F459AD40051D980 /* TripzyncTests */,
			);
			name = TripzyncTests;
			packageProductDependencies = (
			);
			productName = TripzyncTests;
			productReference = 6911A7C32F459AD40051D980 /* TripzyncTests.xctest */;
			productType = "com.apple.product-type.bundle.unit-test";
		};
		6911A7CC2F459AD40051D980 /* TripzyncUITests */ = {
			isa = PBXNativeTarget;
			buildConfigurationList = 6911A7DD2F459AD40051D980 /* Build configuration list for PBXNativeTarget "TripzyncUITests" */;
			buildPhases = (
				6911A7C92F459AD40051D980 /* Sources */,
				6911A7CA2F459AD40051D980 /* Frameworks */,
				6911A7CB2F459AD40051D980 /* Resources */,
			);
			buildRules = (
			);
			dependencies = (
				6911A7CF2F459AD40051D980 /* PBXTargetDependency */,
			);
			fileSystemSynchronizedGroups = (
				6911A7D02F459AD40051D980 /* TripzyncUITests */,
			);
			name = TripzyncUITests;
			packageProductDependencies = (
			);
			productName = TripzyncUITests;
			productReference = 6911A7CD2F459AD40051D980 /* TripzyncUITests.xctest */;
			productType = "com.apple.product-type.bundle.ui-testing";
		};
/* End PBXNativeTarget section */

/* Begin PBXProject section */
		6911A7A92F459AD30051D980 /* Project object */ = {
			isa = PBXProject;
			attributes = {
				BuildIndependentTargetsInParallel = 1;
				LastSwiftUpdateCheck = 2620;
				LastUpgradeCheck = 2620;
				TargetAttributes = {
					6911A7B02F459AD30051D980 = {
						CreatedOnToolsVersion = 26.2;
					};
					6911A7C22F459AD40051D980 = {
						CreatedOnToolsVersion = 26.2;
						TestTargetID = 6911A7B02F459AD30051D980;
					};
					6911A7CC2F459AD40051D980 = {
						CreatedOnToolsVersion = 26.2;
						TestTargetID = 6911A7B02F459AD30051D980;
					};
				};
			};
			buildConfigurationList = 6911A7AC2F459AD30051D980 /* Build configuration list for PBXProject "Tripzync" */;
			developmentRegion = en;
			hasScannedForEncodings = 0;
			knownRegions = (
				en,
				Base,
			);
			mainGroup = 6911A7A82F459AD30051D980;
			minimizedProjectReferenceProxies = 1;
			preferredProjectObjectVersion = 77;
			productRefGroup = 6911A7B22F459AD30051D980 /* Products */;
			projectDirPath = "";
			projectRoot = "";
			targets = (
				6911A7B02F459AD30051D980 /* Tripzync */,
				6911A7C22F459AD40051D980 /* TripzyncTests */,
				6911A7CC2F459AD40051D980 /* TripzyncUITests */,
			);
		};
/* End PBXProject section */

/* Begin PBXResourcesBuildPhase section */
		6911A7AF2F459AD30051D980 /* Resources */ = {
			isa = PBXResourcesBuildPhase;
			buildActionMask = 2147483647;
			files = (
			);
			runOnlyForDeploymentPostprocessing = 0;
		};
		6911A7C12F459AD40051D980 /* Resources */ = {
			isa = PBXResourcesBuildPhase;
			buildActionMask = 2147483647;
			files = (
			);
			runOnlyForDeploymentPostprocessing = 0;
		};
		6911A7CB2F459AD40051D980 /* Resources */ = {
			isa = PBXResourcesBuildPhase;
			buildActionMask = 2147483647;
			files = (
			);
			runOnlyForDeploymentPostprocessing = 0;
		};
/* End PBXResourcesBuildPhase section */

/* Begin PBXSourcesBuildPhase section */
		6911A7AD2F459AD30051D980 /* Sources */ = {
			isa = PBXSourcesBuildPhase;
			buildActionMask = 2147483647;
			files = (
				6936361D2F46D85B004ED905 /* SignupView.swift in Sources */,
				693636292F46D8CF004ED905 /* SavedTripsView.swift in Sources */,
				6936362D2F46E3B1004ED905 /* Trip.swift in Sources */,
				6936361F2F46D870004ED905 /* HomeView.swift in Sources */,
				693636272F46D8C0004ED905 /* MapView.swift in Sources */,
				6936362B2F46D8DF004ED905 /* ProfileView.swift in Sources */,
				693DEADE2F48118C00735C2B /* NetworkError.swift in Sources */,
				693636312F46E6D2004ED905 /* TripService.swift in Sources */,
				6936363B2F46EFE4004ED905 /* AppRoute.swift in Sources */,
				693636352F46EAD1004ED905 /* NetworkManager.swift in Sources */,
				693636172F46D81A004ED905 /* SplashView.swift in Sources */,
				6936361B2F46D84D004ED905 /* LoginView.swift in Sources */,
				693636252F46D8AD004ED905 /* ItineraryView.swift in Sources */,
				693636192F46D834004ED905 /* OnboardingView.swift in Sources */,
				693636212F46D880004ED905 /* DestinationSearchView.swift in Sources */,
				693636232F46D898004ED905 /* PreferencesView.swift in Sources */,
				693636332F46E874004ED905 /* PreferencesViewModel.swift in Sources */,
				693DEADC2F480CB700735C2B /* TripRequest.swift in Sources */,
				693636382F46ECFF004ED905 /* ItineraryModels.swift in Sources */,
			);
			runOnlyForDeploymentPostprocessing = 0;
		};
		6911A7BF2F459AD40051D980 /* Sources */ = {
			isa = PBXSourcesBuildPhase;
			buildActionMask = 2147483647;
			files = (
			);
			runOnlyForDeploymentPostprocessing = 0;
		};
		6911A7C92F459AD40051D980 /* Sources */ = {
			isa = PBXSourcesBuildPhase;
			buildActionMask = 2147483647;
			files = (
			);
			runOnlyForDeploymentPostprocessing = 0;
		};
/* End PBXSourcesBuildPhase section */

/* Begin PBXTargetDependency section */
		6911A7C52F459AD40051D980 /* PBXTargetDependency */ = {
			isa = PBXTargetDependency;
			target = 6911A7B02F459AD30051D980 /* Tripzync */;
			targetProxy = 6911A7C42F459AD40051D980 /* PBXContainerItemProxy */;
		};
		6911A7CF2F459AD40051D980 /* PBXTargetDependency */ = {
			isa = PBXTargetDependency;
			target = 6911A7B02F459AD30051D980 /* Tripzync */;
			targetProxy = 6911A7CE2F459AD40051D980 /* PBXContainerItemProxy */;
		};
/* End PBXTargetDependency section */

/* Begin XCBuildConfiguration section */
		6911A7D52F459AD40051D980 /* Debug */ = {
			isa = XCBuildConfiguration;
			buildSettings = {
				ALWAYS_SEARCH_USER_PATHS = NO;
				ASSETCATALOG_COMPILER_GENERATE_SWIFT_ASSET_SYMBOL_EXTENSIONS = YES;
				CLANG_ANALYZER_NONNULL = YES;
				CLANG_ANALYZER_NUMBER_OBJECT_CONVERSION = YES_AGGRESSIVE;
				CLANG_CXX_LANGUAGE_STANDARD = "gnu++20";
				CLANG_ENABLE_MODULES = YES;
				CLANG_ENABLE_OBJC_ARC = YES;
				CLANG_ENABLE_OBJC_WEAK = YES;
				CLANG_WARN_BLOCK_CAPTURE_AUTORELEASING = YES;
				CLANG_WARN_BOOL_CONVERSION = YES;
				CLANG_WARN_COMMA = YES;
				CLANG_WARN_CONSTANT_CONVERSION = YES;
				CLANG_WARN_DEPRECATED_OBJC_IMPLEMENTATIONS = YES;
				CLANG_WARN_DIRECT_OBJC_ISA_USAGE = YES_ERROR;
				CLANG_WARN_DOCUMENTATION_COMMENTS = YES;
				CLANG_WARN_EMPTY_BODY = YES;
				CLANG_WARN_ENUM_CONVERSION = YES;
				CLANG_WARN_INFINITE_RECURSION = YES;
				CLANG_WARN_INT_CONVERSION = YES;
				CLANG_WARN_NON_LITERAL_NULL_CONVERSION = YES;
				CLANG_WARN_OBJC_IMPLICIT_RETAIN_SELF = YES;
				CLANG_WARN_OBJC_LITERAL_CONVERSION = YES;
				CLANG_WARN_OBJC_ROOT_CLASS = YES_ERROR;
				CLANG_WARN_QUOTED_INCLUDE_IN_FRAMEWORK_HEADER = YES;
				CLANG_WARN_RANGE_LOOP_ANALYSIS = YES;
				CLANG_WARN_STRICT_PROTOTYPES = YES;
				CLANG_WARN_SUSPICIOUS_MOVE = YES;
				CLANG_WARN_UNGUARDED_AVAILABILITY = YES_AGGRESSIVE;
				CLANG_WARN_UNREACHABLE_CODE = YES;
				CLANG_WARN__DUPLICATE_METHOD_MATCH = YES;
				COPY_PHASE_STRIP = NO;
				DEBUG_INFORMATION_FORMAT = dwarf;
				ENABLE_STRICT_OBJC_MSGSEND = YES;
				ENABLE_TESTABILITY = YES;
				ENABLE_USER_SCRIPT_SANDBOXING = YES;
				GCC_C_LANGUAGE_STANDARD = gnu17;
				GCC_DYNAMIC_NO_PIC = NO;
				GCC_NO_COMMON_BLOCKS = YES;
				GCC_OPTIMIZATION_LEVEL = 0;
				GCC_PREPROCESSOR_DEFINITIONS = (
					"DEBUG=1",
					"$(inherited)",
				);
				GCC_WARN_64_TO_32_BIT_CONVERSION = YES;
				GCC_WARN_ABOUT_RETURN_TYPE = YES_ERROR;
				GCC_WARN_UNDECLARED_SELECTOR = YES;
				GCC_WARN_UNINITIALIZED_AUTOS = YES_AGGRESSIVE;
				GCC_WARN_UNUSED_FUNCTION = YES;
				GCC_WARN_UNUSED_VARIABLE = YES;
				LOCALIZATION_PREFERS_STRING_CATALOGS = YES;
				MTL_ENABLE_DEBUG_INFO = INCLUDE_SOURCE;
				MTL_FAST_MATH = YES;
				ONLY_ACTIVE_ARCH = YES;
				SWIFT_ACTIVE_COMPILATION_CONDITIONS = "DEBUG $(inherited)";
				SWIFT_OPTIMIZATION_LEVEL = "-Onone";
			};
			name = Debug;
		};
		6911A7D62F459AD40051D980 /* Release */ = {
			isa = XCBuildConfiguration;
			buildSettings = {
				ALWAYS_SEARCH_USER_PATHS = NO;
				ASSETCATALOG_COMPILER_GENERATE_SWIFT_ASSET_SYMBOL_EXTENSIONS = YES;
				CLANG_ANALYZER_NONNULL = YES;
				CLANG_ANALYZER_NUMBER_OBJECT_CONVERSION = YES_AGGRESSIVE;
				CLANG_CXX_LANGUAGE_STANDARD = "gnu++20";
				CLANG_ENABLE_MODULES = YES;
				CLANG_ENABLE_OBJC_ARC = YES;
				CLANG_ENABLE_OBJC_WEAK = YES;
				CLANG_WARN_BLOCK_CAPTURE_AUTORELEASING = YES;
				CLANG_WARN_BOOL_CONVERSION = YES;
				CLANG_WARN_COMMA = YES;
				CLANG_WARN_CONSTANT_CONVERSION = YES;
				CLANG_WARN_DEPRECATED_OBJC_IMPLEMENTATIONS = YES;
				CLANG_WARN_DIRECT_OBJC_ISA_USAGE = YES_ERROR;
				CLANG_WARN_DOCUMENTATION_COMMENTS = YES;
				CLANG_WARN_EMPTY_BODY = YES;
				CLANG_WARN_ENUM_CONVERSION = YES;
				CLANG_WARN_INFINITE_RECURSION = YES;
				CLANG_WARN_INT_CONVERSION = YES;
				CLANG_WARN_NON_LITERAL_NULL_CONVERSION = YES;
				CLANG_WARN_OBJC_IMPLICIT_RETAIN_SELF = YES;
				CLANG_WARN_OBJC_LITERAL_CONVERSION = YES;
				CLANG_WARN_OBJC_ROOT_CLASS = YES_ERROR;
				CLANG_WARN_QUOTED_INCLUDE_IN_FRAMEWORK_HEADER = YES;
				CLANG_WARN_RANGE_LOOP_ANALYSIS = YES;
				CLANG_WARN_STRICT_PROTOTYPES = YES;
				CLANG_WARN_SUSPICIOUS_MOVE = YES;
				CLANG_WARN_UNGUARDED_AVAILABILITY = YES_AGGRESSIVE;
				CLANG_WARN_UNREACHABLE_CODE = YES;
				CLANG_WARN__DUPLICATE_METHOD_MATCH = YES;
				COPY_PHASE_STRIP = NO;
				DEBUG_INFORMATION_FORMAT = "dwarf-with-dsym";
				ENABLE_NS_ASSERTIONS = NO;
				ENABLE_STRICT_OBJC_MSGSEND = YES;
				ENABLE_USER_SCRIPT_SANDBOXING = YES;
				GCC_C_LANGUAGE_STANDARD = gnu17;
				GCC_NO_COMMON_BLOCKS = YES;
				GCC_WARN_64_TO_32_BIT_CONVERSION = YES;
				GCC_WARN_ABOUT_RETURN_TYPE = YES_ERROR;
				GCC_WARN_UNDECLARED_SELECTOR = YES;
				GCC_WARN_UNINITIALIZED_AUTOS = YES_AGGRESSIVE;
				GCC_WARN_UNUSED_FUNCTION = YES;
				GCC_WARN_UNUSED_VARIABLE = YES;
				LOCALIZATION_PREFERS_STRING_CATALOGS = YES;
				MTL_ENABLE_DEBUG_INFO = NO;
				MTL_FAST_MATH = YES;
				SWIFT_COMPILATION_MODE = wholemodule;
			};
			name = Release;
		};
		6911A7D82F459AD40051D980 /* Debug */ = {
			isa = XCBuildConfiguration;
			buildSettings = {
				API_BASE_URL = "https://tripzync.onrender.com";
				ASSETCATALOG_COMPILER_APPICON_NAME = AppIcon;
				ASSETCATALOG_COMPILER_GLOBAL_ACCENT_COLOR_NAME = AccentColor;
				CODE_SIGN_ENTITLEMENTS = Tripzync/Tripzync.entitlements;
				CODE_SIGN_STYLE = Automatic;
				CURRENT_PROJECT_VERSION = 2;
				DEVELOPMENT_TEAM = 4H789T4HJL;
				ENABLE_APP_SANDBOX = YES;
				ENABLE_OUTGOING_NETWORK_CONNECTIONS = YES;
				ENABLE_PREVIEWS = YES;
				ENABLE_USER_SELECTED_FILES = readonly;
				GENERATE_INFOPLIST_FILE = NO;
				INFOPLIST_FILE = Resources/AppInfo.plist;
				"INFOPLIST_KEY_UIApplicationSceneManifest_Generation[sdk=iphoneos*]" = YES;
				"INFOPLIST_KEY_UIApplicationSceneManifest_Generation[sdk=iphonesimulator*]" = YES;
				"INFOPLIST_KEY_UIApplicationSupportsIndirectInputEvents[sdk=iphoneos*]" = YES;
				"INFOPLIST_KEY_UIApplicationSupportsIndirectInputEvents[sdk=iphonesimulator*]" = YES;
				"INFOPLIST_KEY_UILaunchScreen_Generation[sdk=iphoneos*]" = YES;
				"INFOPLIST_KEY_UILaunchScreen_Generation[sdk=iphonesimulator*]" = YES;
				"INFOPLIST_KEY_UIStatusBarStyle[sdk=iphoneos*]" = UIStatusBarStyleDefault;
				"INFOPLIST_KEY_UIStatusBarStyle[sdk=iphonesimulator*]" = UIStatusBarStyleDefault;
				INFOPLIST_KEY_UISupportedInterfaceOrientations_iPad = "UIInterfaceOrientationPortrait UIInterfaceOrientationPortraitUpsideDown UIInterfaceOrientationLandscapeLeft UIInterfaceOrientationLandscapeRight";
				INFOPLIST_KEY_UISupportedInterfaceOrientations_iPhone = UIInterfaceOrientationPortrait;
				IPHONEOS_DEPLOYMENT_TARGET = 26.2;
				LD_RUNPATH_SEARCH_PATHS = "@executable_path/Frameworks";
				MARKETING_VERSION = 1.0;
				PRODUCT_BUNDLE_IDENTIFIER = com.flychivem.tripzync;
				PRODUCT_NAME = "$(TARGET_NAME)";
				REGISTER_APP_GROUPS = YES;
				SDKROOT = auto;
				STRING_CATALOG_GENERATE_SYMBOLS = YES;
				SUPPORTED_PLATFORMS = "iphoneos iphonesimulator";
				SUPPORTS_MAC_DESIGNED_FOR_IPHONE_IPAD = NO;
				SWIFT_APPROACHABLE_CONCURRENCY = YES;
				SWIFT_DEFAULT_ACTOR_ISOLATION = MainActor;
				SWIFT_EMIT_LOC_STRINGS = YES;
				SWIFT_UPCOMING_FEATURE_MEMBER_IMPORT_VISIBILITY = YES;
				SWIFT_VERSION = 5.0;
				TARGETED_DEVICE_FAMILY = 1;
			};
			name = Debug;
		};
		6911A7D92F459AD40051D980 /* Release */ = {
			isa = XCBuildConfiguration;
			buildSettings = {
				API_BASE_URL = "https://tripzync.onrender.com";
				ASSETCATALOG_COMPILER_APPICON_NAME = AppIcon;
				ASSETCATALOG_COMPILER_GLOBAL_ACCENT_COLOR_NAME = AccentColor;
				CODE_SIGN_ENTITLEMENTS = Tripzync/Tripzync.entitlements;
				CODE_SIGN_STYLE = Automatic;
				CURRENT_PROJECT_VERSION = 2;
				DEVELOPMENT_TEAM = 4H789T4HJL;
				ENABLE_APP_SANDBOX = YES;
				ENABLE_OUTGOING_NETWORK_CONNECTIONS = YES;
				ENABLE_PREVIEWS = YES;
				ENABLE_USER_SELECTED_FILES = readonly;
				GENERATE_INFOPLIST_FILE = NO;
				INFOPLIST_FILE = Resources/AppInfo.plist;
				"INFOPLIST_KEY_UIApplicationSceneManifest_Generation[sdk=iphoneos*]" = YES;
				"INFOPLIST_KEY_UIApplicationSceneManifest_Generation[sdk=iphonesimulator*]" = YES;
				"INFOPLIST_KEY_UIApplicationSupportsIndirectInputEvents[sdk=iphoneos*]" = YES;
				"INFOPLIST_KEY_UIApplicationSupportsIndirectInputEvents[sdk=iphonesimulator*]" = YES;
				"INFOPLIST_KEY_UILaunchScreen_Generation[sdk=iphoneos*]" = YES;
				"INFOPLIST_KEY_UILaunchScreen_Generation[sdk=iphonesimulator*]" = YES;
				"INFOPLIST_KEY_UIStatusBarStyle[sdk=iphoneos*]" = UIStatusBarStyleDefault;
				"INFOPLIST_KEY_UIStatusBarStyle[sdk=iphonesimulator*]" = UIStatusBarStyleDefault;
				INFOPLIST_KEY_UISupportedInterfaceOrientations_iPad = "UIInterfaceOrientationPortrait UIInterfaceOrientationPortraitUpsideDown UIInterfaceOrientationLandscapeLeft UIInterfaceOrientationLandscapeRight";
				INFOPLIST_KEY_UISupportedInterfaceOrientations_iPhone = UIInterfaceOrientationPortrait;
				IPHONEOS_DEPLOYMENT_TARGET = 26.2;
				LD_RUNPATH_SEARCH_PATHS = "@executable_path/Frameworks";
				MARKETING_VERSION = 1.0;
				PRODUCT_BUNDLE_IDENTIFIER = com.flychivem.tripzync;
				PRODUCT_NAME = "$(TARGET_NAME)";
				REGISTER_APP_GROUPS = YES;
				SDKROOT = auto;
				STRING_CATALOG_GENERATE_SYMBOLS = YES;
				SUPPORTED_PLATFORMS = "iphoneos iphonesimulator";
				SUPPORTS_MAC_DESIGNED_FOR_IPHONE_IPAD = NO;
				SWIFT_APPROACHABLE_CONCURRENCY = YES;
				SWIFT_DEFAULT_ACTOR_ISOLATION = MainActor;
				SWIFT_EMIT_LOC_STRINGS = YES;
				SWIFT_UPCOMING_FEATURE_MEMBER_IMPORT_VISIBILITY = YES;
				SWIFT_VERSION = 5.0;
				TARGETED_DEVICE_FAMILY = 1;
			};
			name = Release;
		};
		6911A7DB2F459AD40051D980 /* Debug */ = {
			isa = XCBuildConfiguration;
			buildSettings = {
				BUNDLE_LOADER = "$(TEST_HOST)";
				CODE_SIGN_STYLE = Automatic;
				CURRENT_PROJECT_VERSION = 2;
				GENERATE_INFOPLIST_FILE = YES;
				IPHONEOS_DEPLOYMENT_TARGET = 26.2;
				MARKETING_VERSION = 1.0;
				PRODUCT_BUNDLE_IDENTIFIER = Flychime.TripzyncTests;
				PRODUCT_NAME = "$(TARGET_NAME)";
				SDKROOT = auto;
				STRING_CATALOG_GENERATE_SYMBOLS = NO;
				SUPPORTED_PLATFORMS = "iphoneos iphonesimulator";
				SWIFT_APPROACHABLE_CONCURRENCY = YES;
				SWIFT_EMIT_LOC_STRINGS = NO;
				SWIFT_UPCOMING_FEATURE_MEMBER_IMPORT_VISIBILITY = YES;
				SWIFT_VERSION = 5.0;
				TARGETED_DEVICE_FAMILY = 1;
				TEST_HOST = "$(BUILT_PRODUCTS_DIR)/Tripzync.app/$(BUNDLE_EXECUTABLE_FOLDER_PATH)/Tripzync";
			};
			name = Debug;
		};
		6911A7DC2F459AD40051D980 /* Release */ = {
			isa = XCBuildConfiguration;
			buildSettings = {
				BUNDLE_LOADER = "$(TEST_HOST)";
				CODE_SIGN_STYLE = Automatic;
				CURRENT_PROJECT_VERSION = 2;
				GENERATE_INFOPLIST_FILE = YES;
				IPHONEOS_DEPLOYMENT_TARGET = 26.2;
				MARKETING_VERSION = 1.0;
				PRODUCT_BUNDLE_IDENTIFIER = Flychime.TripzyncTests;
				PRODUCT_NAME = "$(TARGET_NAME)";
				SDKROOT = auto;
				STRING_CATALOG_GENERATE_SYMBOLS = NO;
				SUPPORTED_PLATFORMS = "iphoneos iphonesimulator";
				SWIFT_APPROACHABLE_CONCURRENCY = YES;
				SWIFT_EMIT_LOC_STRINGS = NO;
				SWIFT_UPCOMING_FEATURE_MEMBER_IMPORT_VISIBILITY = YES;
				SWIFT_VERSION = 5.0;
				TARGETED_DEVICE_FAMILY = 1;
				TEST_HOST = "$(BUILT_PRODUCTS_DIR)/Tripzync.app/$(BUNDLE_EXECUTABLE_FOLDER_PATH)/Tripzync";
			};
			name = Release;
		};
		6911A7DE2F459AD40051D980 /* Debug */ = {
			isa = XCBuildConfiguration;
			buildSettings = {
				CODE_SIGN_STYLE = Automatic;
				CURRENT_PROJECT_VERSION = 2;
				GENERATE_INFOPLIST_FILE = YES;
				IPHONEOS_DEPLOYMENT_TARGET = 26.2;
				MARKETING_VERSION = 1.0;
				PRODUCT_BUNDLE_IDENTIFIER = Flychime.TripzyncUITests;
				PRODUCT_NAME = "$(TARGET_NAME)";
				SDKROOT = auto;
				STRING_CATALOG_GENERATE_SYMBOLS = NO;
				SUPPORTED_PLATFORMS = "iphoneos iphonesimulator";
				SWIFT_APPROACHABLE_CONCURRENCY = YES;
				SWIFT_EMIT_LOC_STRINGS = NO;
				SWIFT_UPCOMING_FEATURE_MEMBER_IMPORT_VISIBILITY = YES;
				SWIFT_VERSION = 5.0;
				TARGETED_DEVICE_FAMILY = 1;
				TEST_TARGET_NAME = Tripzync;
			};
			name = Debug;
		};
		6911A7DF2F459AD40051D980 /* Release */ = {
			isa = XCBuildConfiguration;
			buildSettings = {
				CODE_SIGN_STYLE = Automatic;
				CURRENT_PROJECT_VERSION = 2;
				GENERATE_INFOPLIST_FILE = YES;
				IPHONEOS_DEPLOYMENT_TARGET = 26.2;
				MARKETING_VERSION = 1.0;
				PRODUCT_BUNDLE_IDENTIFIER = Flychime.TripzyncUITests;
				PRODUCT_NAME = "$(TARGET_NAME)";
				SDKROOT = auto;
				STRING_CATALOG_GENERATE_SYMBOLS = NO;
				SUPPORTED_PLATFORMS = "iphoneos iphonesimulator";
				SWIFT_APPROACHABLE_CONCURRENCY = YES;
				SWIFT_EMIT_LOC_STRINGS = NO;
				SWIFT_UPCOMING_FEATURE_MEMBER_IMPORT_VISIBILITY = YES;
				SWIFT_VERSION = 5.0;
				TARGETED_DEVICE_FAMILY = 1;
				TEST_TARGET_NAME = Tripzync;
			};
			name = Release;
		};
/* End XCBuildConfiguration section */

/* Begin XCConfigurationList section */
		6911A7AC2F459AD30051D980 /* Build configuration list for PBXProject "Tripzync" */ = {
			isa = XCConfigurationList;
			buildConfigurations = (
				6911A7D52F459AD40051D980 /* Debug */,
				6911A7D62F459AD40051D980 /* Release */,
			);
			defaultConfigurationIsVisible = 0;
			defaultConfigurationName = Release;
		};
		6911A7D72F459AD40051D980 /* Build configuration list for PBXNativeTarget "Tripzync" */ = {
			isa = XCConfigurationList;
			buildConfigurations = (
				6911A7D82F459AD40051D980 /* Debug */,
				6911A7D92F459AD40051D980 /* Release */,
			);
			defaultConfigurationIsVisible = 0;
			defaultConfigurationName = Release;
		};
		6911A7DA2F459AD40051D980 /* Build configuration list for PBXNativeTarget "TripzyncTests" */ = {
			isa = XCConfigurationList;
			buildConfigurations = (
				6911A7DB2F459AD40051D980 /* Debug */,
				6911A7DC2F459AD40051D980 /* Release */,
			);
			defaultConfigurationIsVisible = 0;
			defaultConfigurationName = Release;
		};
		6911A7DD2F459AD40051D980 /* Build configuration list for PBXNativeTarget "TripzyncUITests" */ = {
			isa = XCConfigurationList;
			buildConfigurations = (
				6911A7DE2F459AD40051D980 /* Debug */,
				6911A7DF2F459AD40051D980 /* Release */,
			);
			defaultConfigurationIsVisible = 0;
			defaultConfigurationName = Release;
		};
/* End XCConfigurationList section */
	};
	rootObject = 6911A7A92F459AD30051D980 /* Project object */;
}
